// !$*UTF8*$!
{
	archiveVersion = 1;
	classes = {
	};
	objectVersion = 46;
	objects = {

/* Begin PBXBuildFile section */
		1372BBF51ECE46A400C220B0 /* YGHTMLRanged.h in Headers */ = {isa = PBXBuildFile; fileRef = 1372BBF41ECE46A400C220B0 /* YGHTMLRanged.h */; settings = {ATTRIBUTES = (Public, ); }; };
		1372BBF71ECE46A400C220B0 /* YGHTMLRanged.m in Sources */ = {isa = PBXBuildFile; fileRef = 1372BBF61ECE46A400C220B0 /* YGHTMLRanged.m */; };
		1372BC221ECE478200C220B0 /* YGHTMLElement.m in Sources */ = {isa = PBXBuildFile; fileRef = 1372BC101ECE478200C220B0 /* YGHTMLElement.m */; };
		1372BC231ECE478200C220B0 /* YGHTMLTags.m in Sources */ = {isa = PBXBuildFile; fileRef = 1372BC111ECE478200C220B0 /* YGHTMLTags.m */; };
		1372BC241ECE478200C220B0 /* YGHTMLTag.h in Headers */ = {isa = PBXBuildFile; fileRef = 1372BC121ECE478200C220B0 /* YGHTMLTag.h */; settings = {ATTRIBUTES = (Public, ); }; };
		1372BC251ECE478200C220B0 /* YGHTMLElements.h in Headers */ = {isa = PBXBuildFile; fileRef = 1372BC131ECE478200C220B0 /* YGHTMLElements.h */; settings = {ATTRIBUTES = (Public, ); }; };
		1372BC261ECE478200C220B0 /* YGHTMLAttributeRanged.m in Sources */ = {isa = PBXBuildFile; fileRef = 1372BC141ECE478200C220B0 /* YGHTMLAttributeRanged.m */; };
		1372BC271ECE478200C220B0 /* YGHTMLAttributeRanged.h in Headers */ = {isa = PBXBuildFile; fileRef = 1372BC151ECE478200C220B0 /* YGHTMLAttributeRanged.h */; settings = {ATTRIBUTES = (Public, ); }; };
		1372BC281ECE478200C220B0 /* YGHTMLAttribute.h in Headers */ = {isa = PBXBuildFile; fileRef = 1372BC161ECE478200C220B0 /* YGHTMLAttribute.h */; settings = {ATTRIBUTES = (Public, ); }; };
		1372BC291ECE478200C220B0 /* YGHTMLAttribute.m in Sources */ = {isa = PBXBuildFile; fileRef = 1372BC171ECE478200C220B0 /* YGHTMLAttribute.m */; };
		1372BC2A1ECE478200C220B0 /* YGHTML.h in Headers */ = {isa = PBXBuildFile; fileRef = 1372BC181ECE478200C220B0 /* YGHTML.h */; settings = {ATTRIBUTES = (Public, ); }; };
		1372BC2B1ECE478200C220B0 /* YGHTMLTag.m in Sources */ = {isa = PBXBuildFile; fileRef = 1372BC191ECE478200C220B0 /* YGHTMLTag.m */; };
		1372BC2C1ECE478200C220B0 /* YGHTMLBuilder.m in Sources */ = {isa = PBXBuildFile; fileRef = 1372BC1A1ECE478200C220B0 /* YGHTMLBuilder.m */; };
		1372BC2D1ECE478200C220B0 /* YGHTMLBuilder.h in Headers */ = {isa = PBXBuildFile; fileRef = 1372BC1B1ECE478200C220B0 /* YGHTMLBuilder.h */; settings = {ATTRIBUTES = (Public, ); }; };
		1372BC2E1ECE478200C220B0 /* YGHTMLElement.h in Headers */ = {isa = PBXBuildFile; fileRef = 1372BC1C1ECE478200C220B0 /* YGHTMLElement.h */; settings = {ATTRIBUTES = (Public, ); }; };
		1372BC2F1ECE478200C220B0 /* YGHTMLElementRanged.m in Sources */ = {isa = PBXBuildFile; fileRef = 1372BC1D1ECE478200C220B0 /* YGHTMLElementRanged.m */; };
		1372BC301ECE478200C220B0 /* YGHTMLElementRanged.h in Headers */ = {isa = PBXBuildFile; fileRef = 1372BC1E1ECE478200C220B0 /* YGHTMLElementRanged.h */; settings = {ATTRIBUTES = (Public, ); }; };
		1372BC311ECE478200C220B0 /* YGHTMLElements.m in Sources */ = {isa = PBXBuildFile; fileRef = 1372BC1F1ECE478200C220B0 /* YGHTMLElements.m */; };
		1372BC321ECE478200C220B0 /* YGHTMLTags.h in Headers */ = {isa = PBXBuildFile; fileRef = 1372BC201ECE478200C220B0 /* YGHTMLTags.h */; settings = {ATTRIBUTES = (Public, ); }; };
		1372BC331ECE478200C220B0 /* YGHTML.m in Sources */ = {isa = PBXBuildFile; fileRef = 1372BC211ECE478200C220B0 /* YGHTML.m */; };
		1372BC361ECE481F00C220B0 /* YGHTMLTagRanged.m in Sources */ = {isa = PBXBuildFile; fileRef = 1372BC341ECE481F00C220B0 /* YGHTMLTagRanged.m */; };
		1372BC371ECE481F00C220B0 /* YGHTMLTagRanged.h in Headers */ = {isa = PBXBuildFile; fileRef = 1372BC351ECE481F00C220B0 /* YGHTMLTagRanged.h */; settings = {ATTRIBUTES = (Public, ); }; };
/* End PBXBuildFile section */

/* Begin PBXFileReference section */
		1372BBF11ECE46A400C220B0 /* libYGHTMLRanged.a */ = {isa = PBXFileReference; explicitFileType = archive.ar; includeInIndex = 0; path = libYGHTMLRanged.a; sourceTree = BUILT_PRODUCTS_DIR; };
		1372BBF41ECE46A400C220B0 /* YGHTMLRanged.h */ = {isa = PBXFileReference; lastKnownFileType = sourcecode.c.h; path = YGHTMLRanged.h; sourceTree = "<group>"; };
		1372BBF61ECE46A400C220B0 /* YGHTMLRanged.m */ = {isa = PBXFileReference; lastKnownFileType = sourcecode.c.objc; path = YGHTMLRanged.m; sourceTree = "<group>"; };
		1372BC101ECE478200C220B0 /* YGHTMLElement.m */ = {isa = PBXFileReference; fileEncoding = 4; lastKnownFileType = sourcecode.c.objc; path = YGHTMLElement.m; sourceTree = "<group>"; };
		1372BC111ECE478200C220B0 /* YGHTMLTags.m */ = {isa = PBXFileReference; fileEncoding = 4; lastKnownFileType = sourcecode.c.objc; path = YGHTMLTags.m; sourceTree = "<group>"; };
		1372BC121ECE478200C220B0 /* YGHTMLTag.h */ = {isa = PBXFileReference; fileEncoding = 4; lastKnownFileType = sourcecode.c.h; path = YGHTMLTag.h; sourceTree = "<group>"; };
		1372BC131ECE478200C220B0 /* YGHTMLElements.h */ = {isa = PBXFileReference; fileEncoding = 4; lastKnownFileType = sourcecode.c.h; path = YGHTMLElements.h; sourceTree = "<group>"; };
		1372BC141ECE478200C220B0 /* YGHTMLAttributeRanged.m */ = {isa = PBXFileReference; fileEncoding = 4; lastKnownFileType = sourcecode.c.objc; path = YGHTMLAttributeRanged.m; sourceTree = "<group>"; };
		1372BC151ECE478200C220B0 /* YGHTMLAttributeRanged.h */ = {isa = PBXFileReference; fileEncoding = 4; lastKnownFileType = sourcecode.c.h; path = YGHTMLAttributeRanged.h; sourceTree = "<group>"; };
		1372BC161ECE478200C220B0 /* YGHTMLAttribute.h */ = {isa = PBXFileReference; fileEncoding = 4; lastKnownFileType = sourcecode.c.h; path = YGHTMLAttribute.h; sourceTree = "<group>"; };
		1372BC171ECE478200C220B0 /* YGHTMLAttribute.m */ = {isa = PBXFileReference; fileEncoding = 4; lastKnownFileType = sourcecode.c.objc; path = YGHTMLAttribute.m; sourceTree = "<group>"; };
		1372BC181ECE478200C220B0 /* YGHTML.h */ = {isa = PBXFileReference; fileEncoding = 4; lastKnownFileType = sourcecode.c.h; path = YGHTML.h; sourceTree = "<group>"; };
		1372BC191ECE478200C220B0 /* YGHTMLTag.m */ = {isa = PBXFileReference; fileEncoding = 4; lastKnownFileType = sourcecode.c.objc; path = YGHTMLTag.m; sourceTree = "<group>"; };
		1372BC1A1ECE478200C220B0 /* YGHTMLBuilder.m */ = {isa = PBXFileReference; fileEncoding = 4; lastKnownFileType = sourcecode.c.objc; path = YGHTMLBuilder.m; sourceTree = "<group>"; };
		1372BC1B1ECE478200C220B0 /* YGHTMLBuilder.h */ = {isa = PBXFileReference; fileEncoding = 4; lastKnownFileType = sourcecode.c.h; path = YGHTMLBuilder.h; sourceTree = "<group>"; };
		1372BC1C1ECE478200C220B0 /* YGHTMLElement.h */ = {isa = PBXFileReference; fileEncoding = 4; lastKnownFileType = sourcecode.c.h; path = YGHTMLElement.h; sourceTree = "<group>"; };
		1372BC1D1ECE478200C220B0 /* YGHTMLElementRanged.m */ = {isa = PBXFileReference; fileEncoding = 4; lastKnownFileType = sourcecode.c.objc; path = YGHTMLElementRanged.m; sourceTree = "<group>"; };
		1372BC1E1ECE478200C220B0 /* YGHTMLElementRanged.h */ = {isa = PBXFileReference; fileEncoding = 4; lastKnownFileType = sourcecode.c.h; path = YGHTMLElementRanged.h; sourceTree = "<group>"; };
		1372BC1F1ECE478200C220B0 /* YGHTMLElements.m */ = {isa = PBXFileReference; fileEncoding = 4; lastKnownFileType = sourcecode.c.objc; path = YGHTMLElements.m; sourceTree = "<group>"; };
		1372BC201ECE478200C220B0 /* YGHTMLTags.h */ = {isa = PBXFileReference; fileEncoding = 4; lastKnownFileType = sourcecode.c.h; path = YGHTMLTags.h; sourceTree = "<group>"; };
		1372BC211ECE478200C220B0 /* YGHTML.m */ = {isa = PBXFileReference; fileEncoding = 4; lastKnownFileType = sourcecode.c.objc; path = YGHTML.m; sourceTree = "<group>"; };
		1372BC341ECE481F00C220B0 /* YGHTMLTagRanged.m */ = {isa = PBXFileReference; fileEncoding = 4; lastKnownFileType = sourcecode.c.objc; path = YGHTMLTagRanged.m; sourceTree = "<group>"; };
		1372BC351ECE481F00C220B0 /* YGHTMLTagRanged.h */ = {isa = PBXFileReference; fileEncoding = 4; lastKnownFileType = sourcecode.c.h; path = YGHTMLTagRanged.h; sourceTree = "<group>"; };
/* End PBXFileReference section */

/* Begin PBXFrameworksBuildPhase section */
		1372BBEE1ECE46A400C220B0 /* Frameworks */ = {
			isa = PBXFrameworksBuildPhase;
			buildActionMask = 2147483647;
			files = (
			);
			runOnlyForDeploymentPostprocessing = 0;
		};
/* End PBXFrameworksBuildPhase section */

/* Begin PBXGroup section */
		1372BBE81ECE46A400C220B0 = {
			isa = PBXGroup;
			children = (
				1372BBF31ECE46A400C220B0 /* YGHTMLRanged */,
				1372BBF21ECE46A400C220B0 /* Products */,
			);
			sourceTree = "<group>";
		};
		1372BBF21ECE46A400C220B0 /* Products */ = {
			isa = PBXGroup;
			children = (
				1372BBF11ECE46A400C220B0 /* libYGHTMLRanged.a */,
			);
			name = Products;
			sourceTree = "<group>";
		};
		1372BBF31ECE46A400C220B0 /* YGHTMLRanged */ = {
			isa = PBXGroup;
			children = (
				1372BBF41ECE46A400C220B0 /* YGHTMLRanged.h */,
				1372BBF61ECE46A400C220B0 /* YGHTMLRanged.m */,
				1372BC131ECE478200C220B0 /* YGHTMLElements.h */,
				1372BC1F1ECE478200C220B0 /* YGHTMLElements.m */,
				1372BC201ECE478200C220B0 /* YGHTMLTags.h */,
				1372BC111ECE478200C220B0 /* YGHTMLTags.m */,
				1372BC1B1ECE478200C220B0 /* YGHTMLBuilder.h */,
				1372BC1A1ECE478200C220B0 /* YGHTMLBuilder.m */,
				1372BC1E1ECE478200C220B0 /* YGHTMLElementRanged.h */,
				1372BC1D1ECE478200C220B0 /* YGHTMLElementRanged.m */,
				1372BC1C1ECE478200C220B0 /* YGHTMLElement.h */,
				1372BC101ECE478200C220B0 /* YGHTMLElement.m */,
				1372BC351ECE481F00C220B0 /* YGHTMLTagRanged.h */,
				1372BC341ECE481F00C220B0 /* YGHTMLTagRanged.m */,
				1372BC121ECE478200C220B0 /* YGHTMLTag.h */,
				1372BC191ECE478200C220B0 /* YGHTMLTag.m */,
				1372BC151ECE478200C220B0 /* YGHTMLAttributeRanged.h */,
				1372BC141ECE478200C220B0 /* YGHTMLAttributeRanged.m */,
				1372BC161ECE478200C220B0 /* YGHTMLAttribute.h */,
				1372BC171ECE478200C220B0 /* YGHTMLAttribute.m */,
				1372BC181ECE478200C220B0 /* YGHTML.h */,
				1372BC211ECE478200C220B0 /* YGHTML.m */,
			);
			path = YGHTMLRanged;
			sourceTree = "<group>";
		};
/* End PBXGroup section */

/* Begin PBXHeadersBuildPhase section */
		1372BBEF1ECE46A400C220B0 /* Headers */ = {
			isa = PBXHeadersBuildPhase;
			buildActionMask = 2147483647;
			files = (
				1372BC371ECE481F00C220B0 /* YGHTMLTagRanged.h in Headers */,
				1372BC281ECE478200C220B0 /* YGHTMLAttribute.h in Headers */,
				1372BC241ECE478200C220B0 /* YGHTMLTag.h in Headers */,
				1372BC301ECE478200C220B0 /* YGHTMLElementRanged.h in Headers */,
				1372BC2D1ECE478200C220B0 /* YGHTMLBuilder.h in Headers */,
				1372BBF51ECE46A400C220B0 /* YGHTMLRanged.h in Headers */,
				1372BC2E1ECE478200C220B0 /* YGHTMLElement.h in Headers */,
				1372BC321ECE478200C220B0 /* YGHTMLTags.h in Headers */,
				1372BC251ECE478200C220B0 /* YGHTMLElements.h in Headers */,
				1372BC271ECE478200C220B0 /* YGHTMLAttributeRanged.h in Headers */,
				1372BC2A1ECE478200C220B0 /* YGHTML.h in Headers */,
			);
			runOnlyForDeploymentPostprocessing = 0;
		};
/* End PBXHeadersBuildPhase section */

/* Begin PBXNativeTarget section */
		1372BBF01ECE46A400C220B0 /* YGHTMLRanged */ = {
			isa = PBXNativeTarget;
			buildConfigurationList = 1372BBFA1ECE46A400C220B0 /* Build configuration list for PBXNativeTarget "YGHTMLRanged" */;
			buildPhases = (
				1372BBED1ECE46A400C220B0 /* Sources */,
				1372BBEE1ECE46A400C220B0 /* Frameworks */,
				1372BBEF1ECE46A400C220B0 /* Headers */,
			);
			buildRules = (
			);
			dependencies = (
			);
			name = YGHTMLRanged;
			productName = YGHTMLRanged;
			productReference = 1372BBF11ECE46A400C220B0 /* libYGHTMLRanged.a */;
			productType = "com.apple.product-type.library.static";
		};
/* End PBXNativeTarget section */

/* Begin PBXProject section */
		1372BBE91ECE46A400C220B0 /* Project object */ = {
			isa = PBXProject;
			attributes = {
				LastUpgradeCheck = 0900;
				ORGANIZATIONNAME = "Yan Gerasimuk";
				TargetAttributes = {
					1372BBF01ECE46A400C220B0 = {
						CreatedOnToolsVersion = 8.3.2;
						DevelopmentTeam = EF64T58JW4;
						ProvisioningStyle = Automatic;
					};
				};
			};
			buildConfigurationList = 1372BBEC1ECE46A400C220B0 /* Build configuration list for PBXProject "YGHTMLRanged" */;
			compatibilityVersion = "Xcode 3.2";
			developmentRegion = English;
			hasScannedForEncodings = 0;
			knownRegions = (
				en,
			);
			mainGroup = 1372BBE81ECE46A400C220B0;
			productRefGroup = 1372BBF21ECE46A400C220B0 /* Products */;
			projectDirPath = "";
			projectRoot = "";
			targets = (
				1372BBF01ECE46A400C220B0 /* YGHTMLRanged */,
			);
		};
/* End PBXProject section */

/* Begin PBXSourcesBuildPhase section */
		1372BBED1ECE46A400C220B0 /* Sources */ = {
			isa = PBXSourcesBuildPhase;
			buildActionMask = 2147483647;
			files = (
				1372BC311ECE478200C220B0 /* YGHTMLElements.m in Sources */,
				1372BC2F1ECE478200C220B0 /* YGHTMLElementRanged.m in Sources */,
				1372BC291ECE478200C220B0 /* YGHTMLAttribute.m in Sources */,
				1372BC261ECE478200C220B0 /* YGHTMLAttributeRanged.m in Sources */,
				1372BBF71ECE46A400C220B0 /* YGHTMLRanged.m in Sources */,
				1372BC2B1ECE478200C220B0 /* YGHTMLTag.m in Sources */,
				1372BC331ECE478200C220B0 /* YGHTML.m in Sources */,
				1372BC361ECE481F00C220B0 /* YGHTMLTagRanged.m in Sources */,
				1372BC221ECE478200C220B0 /* YGHTMLElement.m in Sources */,
				1372BC2C1ECE478200C220B0 /* YGHTMLBuilder.m in Sources */,
				1372BC231ECE478200C220B0 /* YGHTMLTags.m in Sources */,
			);
			runOnlyForDeploymentPostprocessing = 0;
		};
/* End PBXSourcesBuildPhase section */

/* Begin XCBuildConfiguration section */
		1372BBF81ECE46A400C220B0 /* Debug */ = {
			isa = XCBuildConfiguration;
			buildSettings = {
				ALWAYS_SEARCH_USER_PATHS = NO;
				CLANG_ANALYZER_NONNULL = YES;
				CLANG_ANALYZER_NUMBER_OBJECT_CONVERSION = YES_AGGRESSIVE;
				CLANG_CXX_LANGUAGE_STANDARD = "gnu++0x";
				CLANG_CXX_LIBRARY = "libc++";
				CLANG_ENABLE_MODULES = YES;
				CLANG_ENABLE_OBJC_ARC = YES;
				CLANG_WARN_BLOCK_CAPTURE_AUTORELEASING = YES;
				CLANG_WARN_BOOL_CONVERSION = YES;
				CLANG_WARN_COMMA = YES;
				CLANG_WARN_CONSTANT_CONVERSION = YES;
				CLANG_WARN_DIRECT_OBJC_ISA_USAGE = YES_ERROR;
				CLANG_WARN_DOCUMENTATION_COMMENTS = YES;
				CLANG_WARN_EMPTY_BODY = YES;
				CLANG_WARN_ENUM_CONVERSION = YES;
				CLANG_WARN_INFINITE_RECURSION = YES;
				CLANG_WARN_INT_CONVERSION = YES;
				CLANG_WARN_NON_LITERAL_NULL_CONVERSION = YES;
				CLANG_WARN_OBJC_LITERAL_CONVERSION = YES;
				CLANG_WARN_OBJC_ROOT_CLASS = YES_ERROR;
				CLANG_WARN_RANGE_LOOP_ANALYSIS = YES;
				CLANG_WARN_STRICT_PROTOTYPES = YES;
				CLANG_WARN_SUSPICIOUS_MOVE = YES;
				CLANG_WARN_UNREACHABLE_CODE = YES;
				CLANG_WARN__DUPLICATE_METHOD_MATCH = YES;
				CODE_SIGN_IDENTITY = "-";
				COPY_PHASE_STRIP = NO;
				DEBUG_INFORMATION_FORMAT = dwarf;
				ENABLE_STRICT_OBJC_MSGSEND = YES;
				ENABLE_TESTABILITY = YES;
				GCC_C_LANGUAGE_STANDARD = gnu99;
				GCC_DYNAMIC_NO_PIC = NO;
				GCC_NO_COMMON_BLOCKS = YES;
				GCC_OPTIMIZATION_LEVEL = 0;
				GCC_PREPROCESSOR_DEFINITIONS = (
					"DEBUG=1",
					"$(inherited)",
				);
				GCC_WARN_64_TO_32_BIT_CONVERSION = YES;
				GCC_WARN_ABOUT_RETURN_TYPE = YES_ERROR;
				GCC_WARN_UNDECLARED_SELECTOR = YES;
				GCC_WARN_UNINITIALIZED_AUTOS = YES_AGGRESSIVE;
				GCC_WARN_UNUSED_FUNCTION = YES;
				GCC_WARN_UNUSED_VARIABLE = YES;
				MACOSX_DEPLOYMENT_TARGET = 10.12;
				MTL_ENABLE_DEBUG_INFO = YES;
				ONLY_ACTIVE_ARCH = YES;
				SDKROOT = macosx;
			};
			name = Debug;
		};
		1372BBF91ECE46A400C220B0 /* Release */ = {
			isa = XCBuildConfiguration;
			buildSettings = {
				ALWAYS_SEARCH_USER_PATHS = NO;
				CLANG_ANALYZER_NONNULL = YES;
				CLANG_ANALYZER_NUMBER_OBJECT_CONVERSION = YES_AGGRESSIVE;
				CLANG_CXX_LANGUAGE_STANDARD = "gnu++0x";
				CLANG_CXX_LIBRARY = "libc++";
				CLANG_ENABLE_MODULES = YES;
				CLANG_ENABLE_OBJC_ARC = YES;
				CLANG_WARN_BLOCK_CAPTURE_AUTORELEASING = YES;
				CLANG_WARN_BOOL_CONVERSION = YES;
				CLANG_WARN_COMMA = YES;
				CLANG_WARN_CONSTANT_CONVERSION = YES;
				CLANG_WARN_DIRECT_OBJC_ISA_USAGE = YES_ERROR;
				CLANG_WARN_DOCUMENTATION_COMMENTS = YES;
				CLANG_WARN_EMPTY_BODY = YES;
				CLANG_WARN_ENUM_CONVERSION = YES;
				CLANG_WARN_INFINITE_RECURSION = YES;
				CLANG_WARN_INT_CONVERSION = YES;
				CLANG_WARN_NON_LITERAL_NULL_CONVERSION = YES;
				CLANG_WARN_OBJC_LITERAL_CONVERSION = YES;
				CLANG_WARN_OBJC_ROOT_CLASS = YES_ERROR;
				CLANG_WARN_RANGE_LOOP_ANALYSIS = YES;
				CLANG_WARN_STRICT_PROTOTYPES = YES;
				CLANG_WARN_SUSPICIOUS_MOVE = YES;
				CLANG_WARN_UNREACHABLE_CODE = YES;
				CLANG_WARN__DUPLICATE_METHOD_MATCH = YES;
				CODE_SIGN_IDENTITY = "-";
				COPY_PHASE_STRIP = NO;
				DEBUG_INFORMATION_FORMAT = "dwarf-with-dsym";
				ENABLE_NS_ASSERTIONS = NO;
				ENABLE_STRICT_OBJC_MSGSEND = YES;
				GCC_C_LANGUAGE_STANDARD = gnu99;
				GCC_NO_COMMON_BLOCKS = YES;
				GCC_WARN_64_TO_32_BIT_CONVERSION = YES;
				GCC_WARN_ABOUT_RETURN_TYPE = YES_ERROR;
				GCC_WARN_UNDECLARED_SELECTOR = YES;
				GCC_WARN_UNINITIALIZED_AUTOS = YES_AGGRESSIVE;
				GCC_WARN_UNUSED_FUNCTION = YES;
				GCC_WARN_UNUSED_VARIABLE = YES;
				MACOSX_DEPLOYMENT_TARGET = 10.12;
				MTL_ENABLE_DEBUG_INFO = NO;
				SDKROOT = macosx;
			};
			name = Release;
		};
		1372BBFB1ECE46A400C220B0 /* Debug */ = {
			isa = XCBuildConfiguration;
			buildSettings = {
				DEVELOPMENT_TEAM = EF64T58JW4;
				EXECUTABLE_PREFIX = lib;
				PRODUCT_NAME = "$(TARGET_NAME)";
				PUBLIC_HEADERS_FOLDER_PATH = "include/$(PROJECT_NAME)";
			};
			name = Debug;
		};
		1372BBFC1ECE46A400C220B0 /* Release */ = {
			isa = XCBuildConfiguration;
			buildSettings = {
				DEVELOPMENT_TEAM = EF64T58JW4;
				EXECUTABLE_PREFIX = lib;
				PRODUCT_NAME = "$(TARGET_NAME)";
				PUBLIC_HEADERS_FOLDER_PATH = "include/$(PROJECT_NAME)";
			};
			name = Release;
		};
/* End XCBuildConfiguration section */

/* Begin XCConfigurationList section */
		1372BBEC1ECE46A400C220B0 /* Build configuration list for PBXProject "YGHTMLRanged" */ = {
			isa = XCConfigurationList;
			buildConfigurations = (
				1372BBF81ECE46A400C220B0 /* Debug */,
				1372BBF91ECE46A400C220B0 /* Release */,
			);
			defaultConfigurationIsVisible = 0;
			defaultConfigurationName = Release;
		};
		1372BBFA1ECE46A400C220B0 /* Build configuration list for PBXNativeTarget "YGHTMLRanged" */ = {
			isa = XCConfigurationList;
			buildConfigurations = (
				1372BBFB1ECE46A400C220B0 /* Debug */,
				1372BBFC1ECE46A400C220B0 /* Release */,
			);
			defaultConfigurationIsVisible = 0;
			defaultConfigurationName = Release;
		};
/* End XCConfigurationList section */
	};
	rootObject = 1372BBE91ECE46A400C220B0 /* Project object */;
}
